
Microsoft Visual Studio Solution File, Format Version 12.00
# Visual Studio Version 17
VisualStudioVersion = 17.6.33712.159
MinimumVisualStudioVersion = 10.0.40219.1
Project("{FAE04EC0-301F-11D3-BF4B-00C04F79EFBC}") = "Boots", "Boots.csproj", "{95B5C854-C8FA-4897-B5C8-A1B3A58A1EF2}"
EndProject
Project("{FAE04EC0-301F-11D3-BF4B-00C04F79EFBC}") = "Boots.Agents", "..\Boots.Agents\Boots.Agents.csproj", "{E53E0899-4FCB-482F-8291-112BDAEFAB62}"
EndProject
Global
	GlobalSection(SolutionConfigurationPlatforms) = preSolution
		Debug|Any CPU = Debug|Any CPU
		Release|Any CPU = Release|Any CPU
	EndGlobalSection
	GlobalSection(ProjectConfigurationPlatforms) = postSolution
		{95B5C854-C8FA-4897-B5C8-A1B3A58A1EF2}.Debug|Any CPU.ActiveCfg = Debug|Any CPU
		{95B5C854-C8FA-4897-B5C8-A1B3A58A1EF2}.Debug|Any CPU.Build.0 = Debug|Any CPU
		{95B5C854-C8FA-4897-B5C8-A1B3A58A1EF2}.Release|Any CPU.ActiveCfg = Release|Any CPU
		{95B5C854-C8FA-4897-B5C8-A1B3A58A1EF2}.Release|Any CPU.Build.0 = Release|Any CPU
		{E53E0899-4FCB-482F-8291-112BDAEFAB62}.Debug|Any CPU.ActiveCfg = Debug|Any CPU
		{E53E0899-4FCB-482F-8291-112BDAEFAB62}.Debug|Any CPU.Build.0 = Debug|Any CPU
		{E53E0899-4FCB-482F-8291-112BDAEFAB62}.Release|Any CPU.ActiveCfg = Release|Any CPU
		{E53E0899-4FCB-482F-8291-112BDAEFAB62}.Release|Any CPU.Build.0 = Release|Any CPU
	EndGlobalSection
	GlobalSection(SolutionProperties) = preSolution
		HideSolutionNode = FALSE
	EndGlobalSection
	GlobalSection(ExtensibilityGlobals) = postSolution
		SolutionGuid = {8ADB9D4C-93EE-4D9A-8CA5-435AB18F9B4F}
	EndGlobalSection
EndGlobal
